
Microsoft Visual Studio Solution File, Format Version 10.00
# Visual Studio 2008
Project("{8BC9CEB8-8B4A-11D0-8D11-00A0C91BC942}") = "zlib", "zlib.vcproj", "{98D04B96-D599-4581-80D8-601DAE5CC0DF}"
EndProject
Global
	GlobalSection(SolutionConfigurationPlatforms) = preSolution
		Debug|Win32 = Debug|Win32
		Release|Win32 = Release|Win32
	EndGlobalSection
	GlobalSection(ProjectConfigurationPlatforms) = postSolution
		{98D04B96-D599-4581-80D8-601DAE5CC0DF}.Debug|Win32.ActiveCfg = Debug|Win32
		{98D04B96-D599-4581-80D8-601DAE5CC0DF}.Debug|Win32.Build.0 = Debug|Win32
		{98D04B96-D599-4581-80D8-601DAE5CC0DF}.Release|Win32.ActiveCfg = Release|Win32
		{98D04B96-D599-4581-80D8-601DAE5CC0DF}.Release|Win32.Build.0 = Release|Win32
	EndGlobalSection
	GlobalSection(SolutionProperties) = preSolution
		HideSolutionNode = FALSE
	EndGlobalSection
EndGlobal
